
Microsoft Visual Studio Solution File, Format Version 12.00
# Visual Studio 15
Project("{FAE04EC0-301F-11D3-BF4B-00C04F79EFBC}") = "Assembly-CSharp", "Assembly-CSharp.csproj", "{436A8C70-09EC-5DBA-8FDC-BDEB91DE4B6F}"
EndProject
Project("{FAE04EC0-301F-11D3-BF4B-00C04F79EFBC}") = "Assembly-CSharp-Editor", "Assembly-CSharp-Editor.csproj", "{999A7A51-FCC5-FD10-CC1A-984BEDFB3432}"
EndProject
Global
	GlobalSection(SolutionConfigurationPlatforms) = preSolution
		Debug|Any CPU = Debug|Any CPU
		Release|Any CPU = Release|Any CPU
	EndGlobalSection
	GlobalSection(ProjectConfigurationPlatforms) = postSolution
		{436A8C70-09EC-5DBA-8FDC-BDEB91DE4B6F}.Debug|Any CPU.ActiveCfg = Debug|Any CPU
		{436A8C70-09EC-5DBA-8FDC-BDEB91DE4B6F}.Debug|Any CPU.Build.0 = Debug|Any CPU
		{436A8C70-09EC-5DBA-8FDC-BDEB91DE4B6F}.Release|Any CPU.ActiveCfg = Release|Any CPU
		{436A8C70-09EC-5DBA-8FDC-BDEB91DE4B6F}.Release|Any CPU.Build.0 = Release|Any CPU
		{999A7A51-FCC5-FD10-CC1A-984BEDFB3432}.Debug|Any CPU.ActiveCfg = Debug|Any CPU
		{999A7A51-FCC5-FD10-CC1A-984BEDFB3432}.Debug|Any CPU.Build.0 = Debug|Any CPU
		{999A7A51-FCC5-FD10-CC1A-984BEDFB3432}.Release|Any CPU.ActiveCfg = Release|Any CPU
		{999A7A51-FCC5-FD10-CC1A-984BEDFB3432}.Release|Any CPU.Build.0 = Release|Any CPU
	EndGlobalSection
	GlobalSection(SolutionProperties) = preSolution
		HideSolutionNode = FALSE
	EndGlobalSection
EndGlobal
